// !$*UTF8*$!
{
	archiveVersion = 1;
	classes = {
	};
	objectVersion = 46;
	objects = {

/* Begin PBXBuildFile section */
		3621AB431DA8050600CF67CA /* BlockCell.swift in Sources */ = {isa = PBXBuildFile; fileRef = 3621AB421DA8050600CF67CA /* BlockCell.swift */; };
		3621AB451DA8063E00CF67CA /* ScheduleViewController.swift in Sources */ = {isa = PBXBuildFile; fileRef = 3621AB441DA8063E00CF67CA /* ScheduleViewController.swift */; };
		3621AB471DA80DD900CF67CA /* scheduleDay.swift in Sources */ = {isa = PBXBuildFile; fileRef = 3621AB461DA80DD900CF67CA /* scheduleDay.swift */; };
		362B4EB61E2E640B00F09FC6 /* goal3 copy.json in Resources */ = {isa = PBXBuildFile; fileRef = 362B4EB51E2E640B00F09FC6 /* goal3 copy.json */; };
		362B4EB81E2E6CC300F09FC6 /* DatePickerViewController.swift in Sources */ = {isa = PBXBuildFile; fileRef = 362B4EB71E2E6CC300F09FC6 /* DatePickerViewController.swift */; };
		3650C20B1DA6898100882801 /* convertcsv.json in Resources */ = {isa = PBXBuildFile; fileRef = 3650C20A1DA6898100882801 /* convertcsv.json */; };
		3650C20D1DA68A9900882801 /* DictionarySorting.swift in Sources */ = {isa = PBXBuildFile; fileRef = 3650C20C1DA68A9900882801 /* DictionarySorting.swift */; };
		3650C20F1DA696D900882801 /* ExcelHelper.swift in Sources */ = {isa = PBXBuildFile; fileRef = 3650C20E1DA696D900882801 /* ExcelHelper.swift */; };
		365DA0291E3A358E00B964EF /* ReportViewController.swift in Sources */ = {isa = PBXBuildFile; fileRef = 365DA0281E3A358E00B964EF /* ReportViewController.swift */; };
		365F3F4B1DA8DB340085B5A6 /* HVCInternetExtension.swift in Sources */ = {isa = PBXBuildFile; fileRef = 365F3F4A1DA8DB340085B5A6 /* HVCInternetExtension.swift */; };
		367B33FC1E438F1B002A10F8 /* HTMLLog.swift in Sources */ = {isa = PBXBuildFile; fileRef = 367B33FB1E438F1B002A10F8 /* HTMLLog.swift */; };
		369BD2131DD10F1F008F360D /* convertcsvGoal2.json in Resources */ = {isa = PBXBuildFile; fileRef = 369BD2121DD10F1F008F360D /* convertcsvGoal2.json */; };
		36E1E2931D98C3A000674F91 /* dcdsnotifyTests.swift in Sources */ = {isa = PBXBuildFile; fileRef = 36E1E2921D98C3A000674F91 /* dcdsnotifyTests.swift */; };
		36E1E29B1D98CBD500674F91 /* CropError.swift in Sources */ = {isa = PBXBuildFile; fileRef = 36E1E29A1D98CBD500674F91 /* CropError.swift */; };
		393DCBECF4EF68C4F3B69091 /* libPods-dcdsnotifyTests.a in Frameworks */ = {isa = PBXBuildFile; fileRef = BE9FBD820199321A3919CBA2 /* libPods-dcdsnotifyTests.a */; };
		5429C0B4E9687FDD4F98353E /* libPods-dcdsnotify.a in Frameworks */ = {isa = PBXBuildFile; fileRef = 89CADAC5679CAFB2A9446020 /* libPods-dcdsnotify.a */; };
		AD053AC81D7A349C00CBAB8C /* AppState.swift in Sources */ = {isa = PBXBuildFile; fileRef = AD053AC71D7A349C00CBAB8C /* AppState.swift */; };
		AD053ACF1D7A428100CBAB8C /* KeychainWrapper.m in Sources */ = {isa = PBXBuildFile; fileRef = AD053ACE1D7A428100CBAB8C /* KeychainWrapper.m */; };
		AD053AD21D81F67E00CBAB8C /* SettingsViewController.swift in Sources */ = {isa = PBXBuildFile; fileRef = AD053AD11D81F67E00CBAB8C /* SettingsViewController.swift */; };
		AD053AD41D8248E700CBAB8C /* PortalHelper.swift in Sources */ = {isa = PBXBuildFile; fileRef = AD053AD31D8248E700CBAB8C /* PortalHelper.swift */; };
		AD053AD61D82503800CBAB8C /* UIImage.swift in Sources */ = {isa = PBXBuildFile; fileRef = AD053AD51D82503800CBAB8C /* UIImage.swift */; };
		AD053AD81D825C6400CBAB8C /* SettingsCell.swift in Sources */ = {isa = PBXBuildFile; fileRef = AD053AD71D825C6400CBAB8C /* SettingsCell.swift */; };
		AD6B91DA1D6F8E62005B77A9 /* LoginViewController.swift in Sources */ = {isa = PBXBuildFile; fileRef = AD6B91D91D6F8E62005B77A9 /* LoginViewController.swift */; };
		AD6B91DC1D6F8F49005B77A9 /* Constants.swift in Sources */ = {isa = PBXBuildFile; fileRef = AD6B91DB1D6F8F49005B77A9 /* Constants.swift */; };
		AD6B91E91D6FAAE8005B77A9 /* ActivityTableViewCell.swift in Sources */ = {isa = PBXBuildFile; fileRef = AD6B91E81D6FAAE8005B77A9 /* ActivityTableViewCell.swift */; };
		AD6B91EC1D6FAB9E005B77A9 /* Activity.swift in Sources */ = {isa = PBXBuildFile; fileRef = AD6B91EB1D6FAB9E005B77A9 /* Activity.swift */; };
		AD6B91F01D6FAC7F005B77A9 /* HomeworkViewController.swift in Sources */ = {isa = PBXBuildFile; fileRef = AD6B91EF1D6FAC7F005B77A9 /* HomeworkViewController.swift */; };
		AD6B91F41D6FAC87005B77A9 /* CalendarHelper.swift in Sources */ = {isa = PBXBuildFile; fileRef = AD6B91F21D6FAC87005B77A9 /* CalendarHelper.swift */; };
		AD6B91F51D6FAC87005B77A9 /* ErrorHandling.swift in Sources */ = {isa = PBXBuildFile; fileRef = AD6B91F31D6FAC87005B77A9 /* ErrorHandling.swift */; };
		AD6B91F81D6FB3D9005B77A9 /* Crop.swift in Sources */ = {isa = PBXBuildFile; fileRef = AD6B91F71D6FB3D9005B77A9 /* Crop.swift */; };
		AD6B91FA1D6FC1A3005B77A9 /* Day.swift in Sources */ = {isa = PBXBuildFile; fileRef = AD6B91F91D6FC1A3005B77A9 /* Day.swift */; };
		AD6B91FC1D6FCA19005B77A9 /* NSDate.swift in Sources */ = {isa = PBXBuildFile; fileRef = AD6B91FB1D6FCA19005B77A9 /* NSDate.swift */; };
		AD6B92041D700CA8005B77A9 /* HVCTableViewExtension.swift in Sources */ = {isa = PBXBuildFile; fileRef = AD6B92031D700CA8005B77A9 /* HVCTableViewExtension.swift */; };
		AD6B92081D7227D1005B77A9 /* CacheHelper.swift in Sources */ = {isa = PBXBuildFile; fileRef = AD6B92071D7227D1005B77A9 /* CacheHelper.swift */; };
		ADA986F71D6A642300C26E6B /* AppDelegate.swift in Sources */ = {isa = PBXBuildFile; fileRef = ADA986F61D6A642300C26E6B /* AppDelegate.swift */; };
		ADA986FC1D6A642300C26E6B /* Main.storyboard in Resources */ = {isa = PBXBuildFile; fileRef = ADA986FA1D6A642300C26E6B /* Main.storyboard */; };
		ADA986FE1D6A642300C26E6B /* Assets.xcassets in Resources */ = {isa = PBXBuildFile; fileRef = ADA986FD1D6A642300C26E6B /* Assets.xcassets */; };
		ADA987011D6A642300C26E6B /* LaunchScreen.storyboard in Resources */ = {isa = PBXBuildFile; fileRef = ADA986FF1D6A642300C26E6B /* LaunchScreen.storyboard */; };
/* End PBXBuildFile section */

/* Begin PBXContainerItemProxy section */
		36E1E2951D98C3A000674F91 /* PBXContainerItemProxy */ = {
			isa = PBXContainerItemProxy;
			containerPortal = ADA986EB1D6A642300C26E6B /* Project object */;
			proxyType = 1;
			remoteGlobalIDString = ADA986F21D6A642300C26E6B;
			remoteInfo = dcdsnotify;
		};
/* End PBXContainerItemProxy section */

/* Begin PBXFileReference section */
		06BEF4DC15F583550186905C /* Pods-dcdsnotifyTests.debug.xcconfig */ = {isa = PBXFileReference; includeInIndex = 1; lastKnownFileType = text.xcconfig; name = "Pods-dcdsnotifyTests.debug.xcconfig"; path = "Pods/Target Support Files/Pods-dcdsnotifyTests/Pods-dcdsnotifyTests.debug.xcconfig"; sourceTree = "<group>"; };
		3621AB421DA8050600CF67CA /* BlockCell.swift */ = {isa = PBXFileReference; fileEncoding = 4; lastKnownFileType = sourcecode.swift; path = BlockCell.swift; sourceTree = "<group>"; };
		3621AB441DA8063E00CF67CA /* ScheduleViewController.swift */ = {isa = PBXFileReference; fileEncoding = 4; lastKnownFileType = sourcecode.swift; path = ScheduleViewController.swift; sourceTree = "<group>"; };
		3621AB461DA80DD900CF67CA /* scheduleDay.swift */ = {isa = PBXFileReference; fileEncoding = 4; lastKnownFileType = sourcecode.swift; path = scheduleDay.swift; sourceTree = "<group>"; };
		362B4EB51E2E640B00F09FC6 /* goal3 copy.json */ = {isa = PBXFileReference; fileEncoding = 4; lastKnownFileType = text.json; path = "goal3 copy.json"; sourceTree = "<group>"; };
		362B4EB71E2E6CC300F09FC6 /* DatePickerViewController.swift */ = {isa = PBXFileReference; fileEncoding = 4; lastKnownFileType = sourcecode.swift; path = DatePickerViewController.swift; sourceTree = "<group>"; };
		3650C20A1DA6898100882801 /* convertcsv.json */ = {isa = PBXFileReference; fileEncoding = 4; lastKnownFileType = text.json; path = convertcsv.json; sourceTree = "<group>"; };
		3650C20C1DA68A9900882801 /* DictionarySorting.swift */ = {isa = PBXFileReference; fileEncoding = 4; lastKnownFileType = sourcecode.swift; path = DictionarySorting.swift; sourceTree = "<group>"; };
		3650C20E1DA696D900882801 /* ExcelHelper.swift */ = {isa = PBXFileReference; fileEncoding = 4; lastKnownFileType = sourcecode.swift; path = ExcelHelper.swift; sourceTree = "<group>"; };
		365DA0281E3A358E00B964EF /* ReportViewController.swift */ = {isa = PBXFileReference; fileEncoding = 4; lastKnownFileType = sourcecode.swift; path = ReportViewController.swift; sourceTree = "<group>"; };
		365F3F4A1DA8DB340085B5A6 /* HVCInternetExtension.swift */ = {isa = PBXFileReference; fileEncoding = 4; lastKnownFileType = sourcecode.swift; path = HVCInternetExtension.swift; sourceTree = "<group>"; };
		367B33FB1E438F1B002A10F8 /* HTMLLog.swift */ = {isa = PBXFileReference; fileEncoding = 4; lastKnownFileType = sourcecode.swift; path = HTMLLog.swift; sourceTree = "<group>"; };
		369BD2121DD10F1F008F360D /* convertcsvGoal2.json */ = {isa = PBXFileReference; fileEncoding = 4; lastKnownFileType = text.json; path = convertcsvGoal2.json; sourceTree = "<group>"; };
		36E1E2901D98C3A000674F91 /* dcdsnotifyTests.xctest */ = {isa = PBXFileReference; explicitFileType = wrapper.cfbundle; includeInIndex = 0; path = dcdsnotifyTests.xctest; sourceTree = BUILT_PRODUCTS_DIR; };
		36E1E2921D98C3A000674F91 /* dcdsnotifyTests.swift */ = {isa = PBXFileReference; lastKnownFileType = sourcecode.swift; path = dcdsnotifyTests.swift; sourceTree = "<group>"; };
		36E1E2941D98C3A000674F91 /* Info.plist */ = {isa = PBXFileReference; lastKnownFileType = text.plist.xml; path = Info.plist; sourceTree = "<group>"; };
		36E1E29A1D98CBD500674F91 /* CropError.swift */ = {isa = PBXFileReference; fileEncoding = 4; lastKnownFileType = sourcecode.swift; path = CropError.swift; sourceTree = "<group>"; };
		36F936F21D91A1C6007BCF21 /* dcdsnotify.entitlements */ = {isa = PBXFileReference; lastKnownFileType = text.plist.entitlements; path = dcdsnotify.entitlements; sourceTree = "<group>"; };
		89CADAC5679CAFB2A9446020 /* libPods-dcdsnotify.a */ = {isa = PBXFileReference; explicitFileType = archive.ar; includeInIndex = 0; path = "libPods-dcdsnotify.a"; sourceTree = BUILT_PRODUCTS_DIR; };
		94DA0CA4FF5E7EC646F6BBB2 /* Pods-dcdsnotify.release.xcconfig */ = {isa = PBXFileReference; includeInIndex = 1; lastKnownFileType = text.xcconfig; name = "Pods-dcdsnotify.release.xcconfig"; path = "Pods/Target Support Files/Pods-dcdsnotify/Pods-dcdsnotify.release.xcconfig"; sourceTree = "<group>"; };
		AD053AC71D7A349C00CBAB8C /* AppState.swift */ = {isa = PBXFileReference; fileEncoding = 4; lastKnownFileType = sourcecode.swift; path = AppState.swift; sourceTree = "<group>"; };
		AD053ACD1D7A428100CBAB8C /* dcdsnotify-Bridging-Header.h */ = {isa = PBXFileReference; lastKnownFileType = sourcecode.c.h; name = "dcdsnotify-Bridging-Header.h"; path = "KeychainWrapper/dcdsnotify-Bridging-Header.h"; sourceTree = "<group>"; };
		AD053ACE1D7A428100CBAB8C /* KeychainWrapper.m */ = {isa = PBXFileReference; fileEncoding = 4; lastKnownFileType = sourcecode.c.objc; path = KeychainWrapper.m; sourceTree = "<group>"; };
		AD053AD01D7A428800CBAB8C /* KeychainWrapper.h */ = {isa = PBXFileReference; fileEncoding = 4; lastKnownFileType = sourcecode.c.h; path = KeychainWrapper.h; sourceTree = "<group>"; };
		AD053AD11D81F67E00CBAB8C /* SettingsViewController.swift */ = {isa = PBXFileReference; fileEncoding = 4; lastKnownFileType = sourcecode.swift; path = SettingsViewController.swift; sourceTree = "<group>"; };
		AD053AD31D8248E700CBAB8C /* PortalHelper.swift */ = {isa = PBXFileReference; fileEncoding = 4; lastKnownFileType = sourcecode.swift; path = PortalHelper.swift; sourceTree = "<group>"; };
		AD053AD51D82503800CBAB8C /* UIImage.swift */ = {isa = PBXFileReference; fileEncoding = 4; lastKnownFileType = sourcecode.swift; path = UIImage.swift; sourceTree = "<group>"; };
		AD053AD71D825C6400CBAB8C /* SettingsCell.swift */ = {isa = PBXFileReference; fileEncoding = 4; lastKnownFileType = sourcecode.swift; path = SettingsCell.swift; sourceTree = "<group>"; };
		AD6B91D91D6F8E62005B77A9 /* LoginViewController.swift */ = {isa = PBXFileReference; fileEncoding = 4; lastKnownFileType = sourcecode.swift; path = LoginViewController.swift; sourceTree = "<group>"; };
		AD6B91DB1D6F8F49005B77A9 /* Constants.swift */ = {isa = PBXFileReference; fileEncoding = 4; lastKnownFileType = sourcecode.swift; path = Constants.swift; sourceTree = "<group>"; };
		AD6B91E81D6FAAE8005B77A9 /* ActivityTableViewCell.swift */ = {isa = PBXFileReference; fileEncoding = 4; lastKnownFileType = sourcecode.swift; path = ActivityTableViewCell.swift; sourceTree = "<group>"; };
		AD6B91EB1D6FAB9E005B77A9 /* Activity.swift */ = {isa = PBXFileReference; fileEncoding = 4; lastKnownFileType = sourcecode.swift; path = Activity.swift; sourceTree = "<group>"; };
		AD6B91EF1D6FAC7F005B77A9 /* HomeworkViewController.swift */ = {isa = PBXFileReference; fileEncoding = 4; lastKnownFileType = sourcecode.swift; path = HomeworkViewController.swift; sourceTree = "<group>"; };
		AD6B91F21D6FAC87005B77A9 /* CalendarHelper.swift */ = {isa = PBXFileReference; fileEncoding = 4; lastKnownFileType = sourcecode.swift; path = CalendarHelper.swift; sourceTree = "<group>"; };
		AD6B91F31D6FAC87005B77A9 /* ErrorHandling.swift */ = {isa = PBXFileReference; fileEncoding = 4; lastKnownFileType = sourcecode.swift; path = ErrorHandling.swift; sourceTree = "<group>"; };
		AD6B91F71D6FB3D9005B77A9 /* Crop.swift */ = {isa = PBXFileReference; fileEncoding = 4; lastKnownFileType = sourcecode.swift; path = Crop.swift; sourceTree = "<group>"; };
		AD6B91F91D6FC1A3005B77A9 /* Day.swift */ = {isa = PBXFileReference; fileEncoding = 4; lastKnownFileType = sourcecode.swift; path = Day.swift; sourceTree = "<group>"; };
		AD6B91FB1D6FCA19005B77A9 /* NSDate.swift */ = {isa = PBXFileReference; fileEncoding = 4; lastKnownFileType = sourcecode.swift; path = NSDate.swift; sourceTree = "<group>"; };
		AD6B92031D700CA8005B77A9 /* HVCTableViewExtension.swift */ = {isa = PBXFileReference; fileEncoding = 4; lastKnownFileType = sourcecode.swift; path = HVCTableViewExtension.swift; sourceTree = "<group>"; };
		AD6B92071D7227D1005B77A9 /* CacheHelper.swift */ = {isa = PBXFileReference; fileEncoding = 4; lastKnownFileType = sourcecode.swift; path = CacheHelper.swift; sourceTree = "<group>"; };
		ADA986F31D6A642300C26E6B /* dcdsnotify.app */ = {isa = PBXFileReference; explicitFileType = wrapper.application; includeInIndex = 0; path = dcdsnotify.app; sourceTree = BUILT_PRODUCTS_DIR; };
		ADA986F61D6A642300C26E6B /* AppDelegate.swift */ = {isa = PBXFileReference; lastKnownFileType = sourcecode.swift; path = AppDelegate.swift; sourceTree = "<group>"; };
		ADA986FB1D6A642300C26E6B /* Base */ = {isa = PBXFileReference; lastKnownFileType = file.storyboard; name = Base; path = Base.lproj/Main.storyboard; sourceTree = "<group>"; };
		ADA986FD1D6A642300C26E6B /* Assets.xcassets */ = {isa = PBXFileReference; lastKnownFileType = folder.assetcatalog; path = Assets.xcassets; sourceTree = "<group>"; };
		ADA987001D6A642300C26E6B /* Base */ = {isa = PBXFileReference; lastKnownFileType = file.storyboard; name = Base; path = Base.lproj/LaunchScreen.storyboard; sourceTree = "<group>"; };
		ADA987021D6A642300C26E6B /* Info.plist */ = {isa = PBXFileReference; lastKnownFileType = text.plist.xml; path = Info.plist; sourceTree = "<group>"; };
		BE9FBD820199321A3919CBA2 /* libPods-dcdsnotifyTests.a */ = {isa = PBXFileReference; explicitFileType = archive.ar; includeInIndex = 0; path = "libPods-dcdsnotifyTests.a"; sourceTree = BUILT_PRODUCTS_DIR; };
		F7432073598238CA2C2C0C92 /* Pods-dcdsnotifyTests.release.xcconfig */ = {isa = PBXFileReference; includeInIndex = 1; lastKnownFileType = text.xcconfig; name = "Pods-dcdsnotifyTests.release.xcconfig"; path = "Pods/Target Support Files/Pods-dcdsnotifyTests/Pods-dcdsnotifyTests.release.xcconfig"; sourceTree = "<group>"; };
		F8AD11B85DC4FC7D7B2C2ED6 /* Pods-dcdsnotify.debug.xcconfig */ = {isa = PBXFileReference; includeInIndex = 1; lastKnownFileType = text.xcconfig; name = "Pods-dcdsnotify.debug.xcconfig"; path = "Pods/Target Support Files/Pods-dcdsnotify/Pods-dcdsnotify.debug.xcconfig"; sourceTree = "<group>"; };
/* End PBXFileReference section */

/* Begin PBXFrameworksBuildPhase section */
		36E1E28D1D98C3A000674F91 /* Frameworks */ = {
			isa = PBXFrameworksBuildPhase;
			buildActionMask = 2147483647;
			files = (
				393DCBECF4EF68C4F3B69091 /* libPods-dcdsnotifyTests.a in Frameworks */,
			);
			runOnlyForDeploymentPostprocessing = 0;
		};
		ADA986F01D6A642300C26E6B /* Frameworks */ = {
			isa = PBXFrameworksBuildPhase;
			buildActionMask = 2147483647;
			files = (
				5429C0B4E9687FDD4F98353E /* libPods-dcdsnotify.a in Frameworks */,
			);
			runOnlyForDeploymentPostprocessing = 0;
		};
/* End PBXFrameworksBuildPhase section */

/* Begin PBXGroup section */
		36E1E2911D98C3A000674F91 /* dcdsnotifyTests */ = {
			isa = PBXGroup;
			children = (
				36E1E2921D98C3A000674F91 /* dcdsnotifyTests.swift */,
				36E1E2941D98C3A000674F91 /* Info.plist */,
			);
			path = dcdsnotifyTests;
			sourceTree = "<group>";
		};
		7ED9ED767A9E20320868C880 /* Frameworks */ = {
			isa = PBXGroup;
			children = (
				89CADAC5679CAFB2A9446020 /* libPods-dcdsnotify.a */,
				BE9FBD820199321A3919CBA2 /* libPods-dcdsnotifyTests.a */,
			);
			name = Frameworks;
			sourceTree = "<group>";
		};
		AD053AC91D7A41CF00CBAB8C /* KeychainWrapper */ = {
			isa = PBXGroup;
			children = (
				AD053AD01D7A428800CBAB8C /* KeychainWrapper.h */,
				AD053ACE1D7A428100CBAB8C /* KeychainWrapper.m */,
			);
			path = KeychainWrapper;
			sourceTree = "<group>";
		};
		AD6B91D61D6F8759005B77A9 /* View Controllers */ = {
			isa = PBXGroup;
			children = (
				AD6B91EF1D6FAC7F005B77A9 /* HomeworkViewController.swift */,
				365F3F4A1DA8DB340085B5A6 /* HVCInternetExtension.swift */,
				AD6B92031D700CA8005B77A9 /* HVCTableViewExtension.swift */,
				AD6B91D91D6F8E62005B77A9 /* LoginViewController.swift */,
				3621AB441DA8063E00CF67CA /* ScheduleViewController.swift */,
				AD053AD11D81F67E00CBAB8C /* SettingsViewController.swift */,
				362B4EB71E2E6CC300F09FC6 /* DatePickerViewController.swift */,
				365DA0281E3A358E00B964EF /* ReportViewController.swift */,
			);
			path = "View Controllers";
			sourceTree = "<group>";
		};
		AD6B91E71D6FAAC7005B77A9 /* Views */ = {
			isa = PBXGroup;
			children = (
				AD6B91E81D6FAAE8005B77A9 /* ActivityTableViewCell.swift */,
				AD053AD71D825C6400CBAB8C /* SettingsCell.swift */,
				3621AB421DA8050600CF67CA /* BlockCell.swift */,
			);
			path = Views;
			sourceTree = "<group>";
		};
		AD6B91EA1D6FAB93005B77A9 /* Models */ = {
			isa = PBXGroup;
			children = (
				AD6B91EB1D6FAB9E005B77A9 /* Activity.swift */,
				AD6B91F91D6FC1A3005B77A9 /* Day.swift */,
				3621AB461DA80DD900CF67CA /* scheduleDay.swift */,
				367B33FB1E438F1B002A10F8 /* HTMLLog.swift */,
			);
			path = Models;
			sourceTree = "<group>";
		};
		AD6B91F11D6FAC87005B77A9 /* Helpers */ = {
			isa = PBXGroup;
			children = (
				AD6B91F21D6FAC87005B77A9 /* CalendarHelper.swift */,
				AD6B91F31D6FAC87005B77A9 /* ErrorHandling.swift */,
				AD6B92071D7227D1005B77A9 /* CacheHelper.swift */,
				AD053AD31D8248E700CBAB8C /* PortalHelper.swift */,
				3650C20E1DA696D900882801 /* ExcelHelper.swift */,
			);
			path = Helpers;
			sourceTree = "<group>";
		};
		AD6B91F61D6FB3CE005B77A9 /* Extensions */ = {
			isa = PBXGroup;
			children = (
				AD6B91F71D6FB3D9005B77A9 /* Crop.swift */,
				AD6B91FB1D6FCA19005B77A9 /* NSDate.swift */,
				AD053AD51D82503800CBAB8C /* UIImage.swift */,
				36E1E29A1D98CBD500674F91 /* CropError.swift */,
				3650C20C1DA68A9900882801 /* DictionarySorting.swift */,
			);
			path = Extensions;
			sourceTree = "<group>";
		};
		ADA986EA1D6A642300C26E6B = {
			isa = PBXGroup;
			children = (
				ADA986F51D6A642300C26E6B /* dcdsnotify */,
				36E1E2911D98C3A000674F91 /* dcdsnotifyTests */,
				ADA986F41D6A642300C26E6B /* Products */,
				B31A975D7C229B01EC547E03 /* Pods */,
				7ED9ED767A9E20320868C880 /* Frameworks */,
			);
			sourceTree = "<group>";
		};
		ADA986F41D6A642300C26E6B /* Products */ = {
			isa = PBXGroup;
			children = (
				ADA986F31D6A642300C26E6B /* dcdsnotify.app */,
				36E1E2901D98C3A000674F91 /* dcdsnotifyTests.xctest */,
			);
			name = Products;
			sourceTree = "<group>";
		};
		ADA986F51D6A642300C26E6B /* dcdsnotify */ = {
			isa = PBXGroup;
			children = (
				362B4EB51E2E640B00F09FC6 /* goal3 copy.json */,
				3650C20A1DA6898100882801 /* convertcsv.json */,
				369BD2121DD10F1F008F360D /* convertcsvGoal2.json */,
				AD053ACD1D7A428100CBAB8C /* dcdsnotify-Bridging-Header.h */,
				36F936F21D91A1C6007BCF21 /* dcdsnotify.entitlements */,
				ADA986F61D6A642300C26E6B /* AppDelegate.swift */,
				AD053AC71D7A349C00CBAB8C /* AppState.swift */,
				AD6B91DB1D6F8F49005B77A9 /* Constants.swift */,
				AD6B91F61D6FB3CE005B77A9 /* Extensions */,
				AD6B91F11D6FAC87005B77A9 /* Helpers */,
				AD6B91EA1D6FAB93005B77A9 /* Models */,
				AD6B91E71D6FAAC7005B77A9 /* Views */,
				AD6B91D61D6F8759005B77A9 /* View Controllers */,
				ADA986FA1D6A642300C26E6B /* Main.storyboard */,
				ADA986FF1D6A642300C26E6B /* LaunchScreen.storyboard */,
				ADA987021D6A642300C26E6B /* Info.plist */,
				ADA986FD1D6A642300C26E6B /* Assets.xcassets */,
				AD053AC91D7A41CF00CBAB8C /* KeychainWrapper */,
			);
			path = dcdsnotify;
			sourceTree = "<group>";
		};
		B31A975D7C229B01EC547E03 /* Pods */ = {
			isa = PBXGroup;
			children = (
				F8AD11B85DC4FC7D7B2C2ED6 /* Pods-dcdsnotify.debug.xcconfig */,
				94DA0CA4FF5E7EC646F6BBB2 /* Pods-dcdsnotify.release.xcconfig */,
				06BEF4DC15F583550186905C /* Pods-dcdsnotifyTests.debug.xcconfig */,
				F7432073598238CA2C2C0C92 /* Pods-dcdsnotifyTests.release.xcconfig */,
			);
			name = Pods;
			sourceTree = "<group>";
		};
/* End PBXGroup section */

/* Begin PBXNativeTarget section */
		36E1E28F1D98C3A000674F91 /* dcdsnotifyTests */ = {
			isa = PBXNativeTarget;
			buildConfigurationList = 36E1E2971D98C3A000674F91 /* Build configuration list for PBXNativeTarget "dcdsnotifyTests" */;
			buildPhases = (
				025F4912339C258869904341 /* [CP] Check Pods Manifest.lock */,
				36E1E28C1D98C3A000674F91 /* Sources */,
				36E1E28D1D98C3A000674F91 /* Frameworks */,
				36E1E28E1D98C3A000674F91 /* Resources */,
				552106E463F7723C4B0FAC08 /* [CP] Embed Pods Frameworks */,
				0087D47DA936E2CD175464CC /* [CP] Copy Pods Resources */,
			);
			buildRules = (
			);
			dependencies = (
				36E1E2961D98C3A000674F91 /* PBXTargetDependency */,
			);
			name = dcdsnotifyTests;
			productName = dcdsnotifyTests;
			productReference = 36E1E2901D98C3A000674F91 /* dcdsnotifyTests.xctest */;
			productType = "com.apple.product-type.bundle.unit-test";
		};
		ADA986F21D6A642300C26E6B /* dcdsnotify */ = {
			isa = PBXNativeTarget;
			buildConfigurationList = ADA987051D6A642300C26E6B /* Build configuration list for PBXNativeTarget "dcdsnotify" */;
			buildPhases = (
				4A530DA0C817D24BAC52584C /* [CP] Check Pods Manifest.lock */,
				ADA986EF1D6A642300C26E6B /* Sources */,
				ADA986F01D6A642300C26E6B /* Frameworks */,
				ADA986F11D6A642300C26E6B /* Resources */,
				D1F28153F76442A2D4F76BF9 /* [CP] Embed Pods Frameworks */,
				D67872B9DB9BB0696A3DE69B /* [CP] Copy Pods Resources */,
			);
			buildRules = (
			);
			dependencies = (
			);
			name = dcdsnotify;
			productName = dcdsnotify;
			productReference = ADA986F31D6A642300C26E6B /* dcdsnotify.app */;
			productType = "com.apple.product-type.application";
		};
/* End PBXNativeTarget section */

/* Begin PBXProject section */
		ADA986EB1D6A642300C26E6B /* Project object */ = {
			isa = PBXProject;
			attributes = {
				LastSwiftUpdateCheck = 0800;
				LastUpgradeCheck = 0800;
				ORGANIZATIONNAME = orctech;
				TargetAttributes = {
					36E1E28F1D98C3A000674F91 = {
						CreatedOnToolsVersion = 8.0;
						DevelopmentTeam = F83KA8FTRJ;
						ProvisioningStyle = Automatic;
						TestTargetID = ADA986F21D6A642300C26E6B;
					};
					ADA986F21D6A642300C26E6B = {
						CreatedOnToolsVersion = 7.3.1;
						DevelopmentTeam = F83KA8FTRJ;
						SystemCapabilities = {
							com.apple.Keychain = {
								enabled = 1;
							};
						};
					};
				};
			};
			buildConfigurationList = ADA986EE1D6A642300C26E6B /* Build configuration list for PBXProject "dcdsnotify" */;
			compatibilityVersion = "Xcode 3.2";
			developmentRegion = English;
			hasScannedForEncodings = 0;
			knownRegions = (
				en,
				Base,
			);
			mainGroup = ADA986EA1D6A642300C26E6B;
			productRefGroup = ADA986F41D6A642300C26E6B /* Products */;
			projectDirPath = "";
			projectRoot = "";
			targets = (
				ADA986F21D6A642300C26E6B /* dcdsnotify */,
				36E1E28F1D98C3A000674F91 /* dcdsnotifyTests */,
			);
		};
/* End PBXProject section */

/* Begin PBXResourcesBuildPhase section */
		36E1E28E1D98C3A000674F91 /* Resources */ = {
			isa = PBXResourcesBuildPhase;
			buildActionMask = 2147483647;
			files = (
			);
			runOnlyForDeploymentPostprocessing = 0;
		};
		ADA986F11D6A642300C26E6B /* Resources */ = {
			isa = PBXResourcesBuildPhase;
			buildActionMask = 2147483647;
			files = (
				ADA987011D6A642300C26E6B /* LaunchScreen.storyboard in Resources */,
				ADA986FE1D6A642300C26E6B /* Assets.xcassets in Resources */,
				ADA986FC1D6A642300C26E6B /* Main.storyboard in Resources */,
				362B4EB61E2E640B00F09FC6 /* goal3 copy.json in Resources */,
				3650C20B1DA6898100882801 /* convertcsv.json in Resources */,
				369BD2131DD10F1F008F360D /* convertcsvGoal2.json in Resources */,
			);
			runOnlyForDeploymentPostprocessing = 0;
		};
/* End PBXResourcesBuildPhase section */

/* Begin PBXShellScriptBuildPhase section */
		0087D47DA936E2CD175464CC /* [CP] Copy Pods Resources */ = {
			isa = PBXShellScriptBuildPhase;
			buildActionMask = 2147483647;
			files = (
			);
			inputPaths = (
			);
			name = "[CP] Copy Pods Resources";
			outputPaths = (
			);
			runOnlyForDeploymentPostprocessing = 0;
			shellPath = /bin/sh;
			shellScript = "\"${SRCROOT}/Pods/Target Support Files/Pods-dcdsnotifyTests/Pods-dcdsnotifyTests-resources.sh\"\n";
			showEnvVarsInLog = 0;
		};
		025F4912339C258869904341 /* [CP] Check Pods Manifest.lock */ = {
			isa = PBXShellScriptBuildPhase;
			buildActionMask = 2147483647;
			files = (
			);
			inputPaths = (
			);
			name = "[CP] Check Pods Manifest.lock";
			outputPaths = (
			);
			runOnlyForDeploymentPostprocessing = 0;
			shellPath = /bin/sh;
			shellScript = "diff \"${PODS_ROOT}/../Podfile.lock\" \"${PODS_ROOT}/Manifest.lock\" > /dev/null\nif [ $? != 0 ] ; then\n    # print error to STDERR\n    echo \"error: The sandbox is not in sync with the Podfile.lock. Run 'pod install' or update your CocoaPods installation.\" >&2\n    exit 1\nfi\n";
			showEnvVarsInLog = 0;
		};
		4A530DA0C817D24BAC52584C /* [CP] Check Pods Manifest.lock */ = {
			isa = PBXShellScriptBuildPhase;
			buildActionMask = 2147483647;
			files = (
			);
			inputPaths = (
			);
			name = "[CP] Check Pods Manifest.lock";
			outputPaths = (
			);
			runOnlyForDeploymentPostprocessing = 0;
			shellPath = /bin/sh;
			shellScript = "diff \"${PODS_ROOT}/../Podfile.lock\" \"${PODS_ROOT}/Manifest.lock\" > /dev/null\nif [ $? != 0 ] ; then\n    # print error to STDERR\n    echo \"error: The sandbox is not in sync with the Podfile.lock. Run 'pod install' or update your CocoaPods installation.\" >&2\n    exit 1\nfi\n";
			showEnvVarsInLog = 0;
		};
		552106E463F7723C4B0FAC08 /* [CP] Embed Pods Frameworks */ = {
			isa = PBXShellScriptBuildPhase;
			buildActionMask = 2147483647;
			files = (
			);
			inputPaths = (
			);
			name = "[CP] Embed Pods Frameworks";
			outputPaths = (
			);
			runOnlyForDeploymentPostprocessing = 0;
			shellPath = /bin/sh;
			shellScript = "\"${SRCROOT}/Pods/Target Support Files/Pods-dcdsnotifyTests/Pods-dcdsnotifyTests-frameworks.sh\"\n";
			showEnvVarsInLog = 0;
		};
		D1F28153F76442A2D4F76BF9 /* [CP] Embed Pods Frameworks */ = {
			isa = PBXShellScriptBuildPhase;
			buildActionMask = 8;
			files = (
			);
			inputPaths = (
			);
			name = "[CP] Embed Pods Frameworks";
			outputPaths = (
			);
			runOnlyForDeploymentPostprocessing = 1;
			shellPath = /bin/sh;
			shellScript = "\"${SRCROOT}/Pods/Target Support Files/Pods-dcdsnotify/Pods-dcdsnotify-frameworks.sh\"\n";
			showEnvVarsInLog = 0;
		};
		D67872B9DB9BB0696A3DE69B /* [CP] Copy Pods Resources */ = {
			isa = PBXShellScriptBuildPhase;
			buildActionMask = 8;
			files = (
			);
			inputPaths = (
			);
			name = "[CP] Copy Pods Resources";
			outputPaths = (
			);
			runOnlyForDeploymentPostprocessing = 1;
			shellPath = /bin/sh;
			shellScript = "\"${SRCROOT}/Pods/Target Support Files/Pods-dcdsnotify/Pods-dcdsnotify-resources.sh\"\n";
			showEnvVarsInLog = 0;
		};
/* End PBXShellScriptBuildPhase section */

/* Begin PBXSourcesBuildPhase section */
		36E1E28C1D98C3A000674F91 /* Sources */ = {
			isa = PBXSourcesBuildPhase;
			buildActionMask = 2147483647;
			files = (
				36E1E2931D98C3A000674F91 /* dcdsnotifyTests.swift in Sources */,
			);
			runOnlyForDeploymentPostprocessing = 0;
		};
		ADA986EF1D6A642300C26E6B /* Sources */ = {
			isa = PBXSourcesBuildPhase;
			buildActionMask = 2147483647;
			files = (
				AD6B91EC1D6FAB9E005B77A9 /* Activity.swift in Sources */,
				AD053AD41D8248E700CBAB8C /* PortalHelper.swift in Sources */,
				367B33FC1E438F1B002A10F8 /* HTMLLog.swift in Sources */,
				AD6B92081D7227D1005B77A9 /* CacheHelper.swift in Sources */,
				AD6B91F41D6FAC87005B77A9 /* CalendarHelper.swift in Sources */,
				AD6B91FA1D6FC1A3005B77A9 /* Day.swift in Sources */,
				3621AB431DA8050600CF67CA /* BlockCell.swift in Sources */,
				AD6B91F81D6FB3D9005B77A9 /* Crop.swift in Sources */,
				3621AB471DA80DD900CF67CA /* scheduleDay.swift in Sources */,
				AD053AC81D7A349C00CBAB8C /* AppState.swift in Sources */,
				3650C20F1DA696D900882801 /* ExcelHelper.swift in Sources */,
				AD6B91F01D6FAC7F005B77A9 /* HomeworkViewController.swift in Sources */,
				AD053ACF1D7A428100CBAB8C /* KeychainWrapper.m in Sources */,
				36E1E29B1D98CBD500674F91 /* CropError.swift in Sources */,
				AD6B91F51D6FAC87005B77A9 /* ErrorHandling.swift in Sources */,
				AD6B91DA1D6F8E62005B77A9 /* LoginViewController.swift in Sources */,
				362B4EB81E2E6CC300F09FC6 /* DatePickerViewController.swift in Sources */,
				3621AB451DA8063E00CF67CA /* ScheduleViewController.swift in Sources */,
				365F3F4B1DA8DB340085B5A6 /* HVCInternetExtension.swift in Sources */,
				ADA986F71D6A642300C26E6B /* AppDelegate.swift in Sources */,
				3650C20D1DA68A9900882801 /* DictionarySorting.swift in Sources */,
				365DA0291E3A358E00B964EF /* ReportViewController.swift in Sources */,
				AD6B91FC1D6FCA19005B77A9 /* NSDate.swift in Sources */,
				AD053AD81D825C6400CBAB8C /* SettingsCell.swift in Sources */,
				AD6B91DC1D6F8F49005B77A9 /* Constants.swift in Sources */,
				AD6B91E91D6FAAE8005B77A9 /* ActivityTableViewCell.swift in Sources */,
				AD053AD61D82503800CBAB8C /* UIImage.swift in Sources */,
				AD6B92041D700CA8005B77A9 /* HVCTableViewExtension.swift in Sources */,
				AD053AD21D81F67E00CBAB8C /* SettingsViewController.swift in Sources */,
			);
			runOnlyForDeploymentPostprocessing = 0;
		};
/* End PBXSourcesBuildPhase section */

/* Begin PBXTargetDependency section */
		36E1E2961D98C3A000674F91 /* PBXTargetDependency */ = {
			isa = PBXTargetDependency;
			target = ADA986F21D6A642300C26E6B /* dcdsnotify */;
			targetProxy = 36E1E2951D98C3A000674F91 /* PBXContainerItemProxy */;
		};
/* End PBXTargetDependency section */

/* Begin PBXVariantGroup section */
		ADA986FA1D6A642300C26E6B /* Main.storyboard */ = {
			isa = PBXVariantGroup;
			children = (
				ADA986FB1D6A642300C26E6B /* Base */,
			);
			name = Main.storyboard;
			sourceTree = "<group>";
		};
		ADA986FF1D6A642300C26E6B /* LaunchScreen.storyboard */ = {
			isa = PBXVariantGroup;
			children = (
				ADA987001D6A642300C26E6B /* Base */,
			);
			name = LaunchScreen.storyboard;
			sourceTree = "<group>";
		};
/* End PBXVariantGroup section */

/* Begin XCBuildConfiguration section */
		36E1E2981D98C3A000674F91 /* Debug */ = {
			isa = XCBuildConfiguration;
			baseConfigurationReference = 06BEF4DC15F583550186905C /* Pods-dcdsnotifyTests.debug.xcconfig */;
			buildSettings = {
				BUNDLE_LOADER = "$(TEST_HOST)";
				CLANG_WARN_DOCUMENTATION_COMMENTS = YES;
				CLANG_WARN_SUSPICIOUS_MOVES = YES;
				DEVELOPMENT_TEAM = F83KA8FTRJ;
				INFOPLIST_FILE = dcdsnotifyTests/Info.plist;
				IPHONEOS_DEPLOYMENT_TARGET = 10.0;
				LD_RUNPATH_SEARCH_PATHS = "$(inherited) @executable_path/Frameworks @loader_path/Frameworks";
				PRODUCT_BUNDLE_IDENTIFIER = com.orctech.dcdsnotifyTests;
				PRODUCT_NAME = "$(TARGET_NAME)";
				SWIFT_ACTIVE_COMPILATION_CONDITIONS = DEBUG;
				SWIFT_VERSION = 3.0;
				TEST_HOST = "$(BUILT_PRODUCTS_DIR)/dcdsnotify.app/dcdsnotify";
			};
			name = Debug;
		};
		36E1E2991D98C3A000674F91 /* Release */ = {
			isa = XCBuildConfiguration;
			baseConfigurationReference = F7432073598238CA2C2C0C92 /* Pods-dcdsnotifyTests.release.xcconfig */;
			buildSettings = {
				BUNDLE_LOADER = "$(TEST_HOST)";
				CLANG_WARN_DOCUMENTATION_COMMENTS = YES;
				CLANG_WARN_SUSPICIOUS_MOVES = YES;
				DEBUG_INFORMATION_FORMAT = "dwarf-with-dsym";
				DEVELOPMENT_TEAM = F83KA8FTRJ;
				INFOPLIST_FILE = dcdsnotifyTests/Info.plist;
				IPHONEOS_DEPLOYMENT_TARGET = 10.0;
				LD_RUNPATH_SEARCH_PATHS = "$(inherited) @executable_path/Frameworks @loader_path/Frameworks";
				PRODUCT_BUNDLE_IDENTIFIER = com.orctech.dcdsnotifyTests;
				PRODUCT_NAME = "$(TARGET_NAME)";
				SWIFT_VERSION = 3.0;
				TEST_HOST = "$(BUILT_PRODUCTS_DIR)/dcdsnotify.app/dcdsnotify";
			};
			name = Release;
		};
		ADA987031D6A642300C26E6B /* Debug */ = {
			isa = XCBuildConfiguration;
			buildSettings = {
				ALWAYS_SEARCH_USER_PATHS = NO;
				APPLICATION_EXTENSION_API_ONLY = NO;
				CLANG_ANALYZER_NONNULL = YES;
				CLANG_CXX_LANGUAGE_STANDARD = "gnu++0x";
				CLANG_CXX_LIBRARY = "libc++";
				CLANG_ENABLE_MODULES = YES;
				CLANG_ENABLE_OBJC_ARC = YES;
				CLANG_WARN_BOOL_CONVERSION = YES;
				CLANG_WARN_CONSTANT_CONVERSION = YES;
				CLANG_WARN_DIRECT_OBJC_ISA_USAGE = YES_ERROR;
				CLANG_WARN_EMPTY_BODY = YES;
				CLANG_WARN_ENUM_CONVERSION = YES;
				CLANG_WARN_INFINITE_RECURSION = YES;
				CLANG_WARN_INT_CONVERSION = YES;
				CLANG_WARN_OBJC_ROOT_CLASS = YES_ERROR;
				CLANG_WARN_SUSPICIOUS_MOVE = YES;
				CLANG_WARN_UNREACHABLE_CODE = YES;
				CLANG_WARN__DUPLICATE_METHOD_MATCH = YES;
				CODE_SIGN_IDENTITY = "iPhone Developer";
				"CODE_SIGN_IDENTITY[sdk=iphoneos*]" = "iPhone Developer";
				COPY_PHASE_STRIP = YES;
				DEBUG_INFORMATION_FORMAT = dwarf;
				ENABLE_BITCODE = NO;
				ENABLE_STRICT_OBJC_MSGSEND = YES;
				ENABLE_TESTABILITY = YES;
				GCC_C_LANGUAGE_STANDARD = gnu99;
				GCC_DYNAMIC_NO_PIC = NO;
				GCC_NO_COMMON_BLOCKS = YES;
				GCC_OPTIMIZATION_LEVEL = s;
				GCC_PREPROCESSOR_DEFINITIONS = (
					"DEBUG=1",
					"$(inherited)",
				);
				GCC_WARN_64_TO_32_BIT_CONVERSION = YES;
				GCC_WARN_ABOUT_RETURN_TYPE = YES_ERROR;
				GCC_WARN_UNDECLARED_SELECTOR = YES;
				GCC_WARN_UNINITIALIZED_AUTOS = YES_AGGRESSIVE;
				GCC_WARN_UNUSED_FUNCTION = YES;
				GCC_WARN_UNUSED_VARIABLE = YES;
				IPHONEOS_DEPLOYMENT_TARGET = 8.0;
				MTL_ENABLE_DEBUG_INFO = YES;
				ONLY_ACTIVE_ARCH = YES;
				SDKROOT = iphoneos;
				SWIFT_OPTIMIZATION_LEVEL = "-Onone";
				TARGETED_DEVICE_FAMILY = "1,2";
				VALIDATE_PRODUCT = YES;
			};
			name = Debug;
		};
		ADA987041D6A642300C26E6B /* Release */ = {
			isa = XCBuildConfiguration;
			buildSettings = {
				ALWAYS_SEARCH_USER_PATHS = NO;
				APPLICATION_EXTENSION_API_ONLY = NO;
				CLANG_ANALYZER_NONNULL = YES;
				CLANG_CXX_LANGUAGE_STANDARD = "gnu++0x";
				CLANG_CXX_LIBRARY = "libc++";
				CLANG_ENABLE_MODULES = YES;
				CLANG_ENABLE_OBJC_ARC = YES;
				CLANG_WARN_BOOL_CONVERSION = YES;
				CLANG_WARN_CONSTANT_CONVERSION = YES;
				CLANG_WARN_DIRECT_OBJC_ISA_USAGE = YES_ERROR;
				CLANG_WARN_EMPTY_BODY = YES;
				CLANG_WARN_ENUM_CONVERSION = YES;
				CLANG_WARN_INFINITE_RECURSION = YES;
				CLANG_WARN_INT_CONVERSION = YES;
				CLANG_WARN_OBJC_ROOT_CLASS = YES_ERROR;
				CLANG_WARN_SUSPICIOUS_MOVE = YES;
				CLANG_WARN_UNREACHABLE_CODE = YES;
				CLANG_WARN__DUPLICATE_METHOD_MATCH = YES;
				CODE_SIGN_IDENTITY = "iPhone Developer";
				"CODE_SIGN_IDENTITY[sdk=iphoneos*]" = "iPhone Developer";
				COPY_PHASE_STRIP = YES;
				DEBUG_INFORMATION_FORMAT = dwarf;
				ENABLE_BITCODE = NO;
				ENABLE_NS_ASSERTIONS = NO;
				ENABLE_STRICT_OBJC_MSGSEND = YES;
				GCC_C_LANGUAGE_STANDARD = gnu99;
				GCC_NO_COMMON_BLOCKS = YES;
				GCC_OPTIMIZATION_LEVEL = s;
				GCC_WARN_64_TO_32_BIT_CONVERSION = YES;
				GCC_WARN_ABOUT_RETURN_TYPE = YES_ERROR;
				GCC_WARN_UNDECLARED_SELECTOR = YES;
				GCC_WARN_UNINITIALIZED_AUTOS = YES_AGGRESSIVE;
				GCC_WARN_UNUSED_FUNCTION = YES;
				GCC_WARN_UNUSED_VARIABLE = YES;
				IPHONEOS_DEPLOYMENT_TARGET = 8.0;
				MTL_ENABLE_DEBUG_INFO = NO;
				ONLY_ACTIVE_ARCH = YES;
				SDKROOT = iphoneos;
				SWIFT_OPTIMIZATION_LEVEL = "-Owholemodule";
				TARGETED_DEVICE_FAMILY = "1,2";
				VALIDATE_PRODUCT = YES;
			};
			name = Release;
		};
		ADA987061D6A642300C26E6B /* Debug */ = {
			isa = XCBuildConfiguration;
			baseConfigurationReference = F8AD11B85DC4FC7D7B2C2ED6 /* Pods-dcdsnotify.debug.xcconfig */;
			buildSettings = {
				ASSETCATALOG_COMPILER_APPICON_NAME = AppIcon;
				CLANG_ENABLE_MODULES = YES;
				CODE_SIGN_ENTITLEMENTS = dcdsnotify/dcdsnotify.entitlements;
				CODE_SIGN_IDENTITY = "iPhone Developer";
				"CODE_SIGN_IDENTITY[sdk=iphoneos*]" = "iPhone Developer";
				DEVELOPMENT_TEAM = F83KA8FTRJ;
				ENABLE_BITCODE = NO;
				INFOPLIST_FILE = dcdsnotify/Info.plist;
				LD_RUNPATH_SEARCH_PATHS = "$(inherited) @executable_path/Frameworks";
				MACH_O_TYPE = mh_execute;
				PRODUCT_BUNDLE_IDENTIFIER = com.orctech.dcdsnotify;
				PRODUCT_NAME = "$(TARGET_NAME)";
				PROVISIONING_PROFILE = "";
				STRIP_INSTALLED_PRODUCT = NO;
				SWIFT_OBJC_BRIDGING_HEADER = "dcdsnotify/KeychainWrapper/dcdsnotify-Bridging-Header.h";
				SWIFT_OPTIMIZATION_LEVEL = "-Onone";
				SWIFT_VERSION = 2.3;
			};
			name = Debug;
		};
		ADA987071D6A642300C26E6B /* Release */ = {
			isa = XCBuildConfiguration;
			baseConfigurationReference = 94DA0CA4FF5E7EC646F6BBB2 /* Pods-dcdsnotify.release.xcconfig */;
			buildSettings = {
				ASSETCATALOG_COMPILER_APPICON_NAME = AppIcon;
				CLANG_ENABLE_MODULES = YES;
				CODE_SIGN_ENTITLEMENTS = dcdsnotify/dcdsnotify.entitlements;
				CODE_SIGN_IDENTITY = "iPhone Developer";
				"CODE_SIGN_IDENTITY[sdk=iphoneos*]" = "iPhone Developer";
				DEVELOPMENT_TEAM = F83KA8FTRJ;
				ENABLE_BITCODE = NO;
				INFOPLIST_FILE = dcdsnotify/Info.plist;
				LD_RUNPATH_SEARCH_PATHS = "$(inherited) @executable_path/Frameworks";
				MACH_O_TYPE = mh_execute;
				PRODUCT_BUNDLE_IDENTIFIER = com.orctech.dcdsnotify;
				PRODUCT_NAME = "$(TARGET_NAME)";
				PROVISIONING_PROFILE = "";
				STRIP_INSTALLED_PRODUCT = NO;
				SWIFT_OBJC_BRIDGING_HEADER = "dcdsnotify/KeychainWrapper/dcdsnotify-Bridging-Header.h";
				SWIFT_VERSION = 2.3;
			};
			name = Release;
		};
/* End XCBuildConfiguration section */

/* Begin XCConfigurationList section */
		36E1E2971D98C3A000674F91 /* Build configuration list for PBXNativeTarget "dcdsnotifyTests" */ = {
			isa = XCConfigurationList;
			buildConfigurations = (
				36E1E2981D98C3A000674F91 /* Debug */,
				36E1E2991D98C3A000674F91 /* Release */,
			);
			defaultConfigurationIsVisible = 0;
			defaultConfigurationName = Release;
		};
		ADA986EE1D6A642300C26E6B /* Build configuration list for PBXProject "dcdsnotify" */ = {
			isa = XCConfigurationList;
			buildConfigurations = (
				ADA987031D6A642300C26E6B /* Debug */,
				ADA987041D6A642300C26E6B /* Release */,
			);
			defaultConfigurationIsVisible = 0;
			defaultConfigurationName = Release;
		};
		ADA987051D6A642300C26E6B /* Build configuration list for PBXNativeTarget "dcdsnotify" */ = {
			isa = XCConfigurationList;
			buildConfigurations = (
				ADA987061D6A642300C26E6B /* Debug */,
				ADA987071D6A642300C26E6B /* Release */,
			);
			defaultConfigurationIsVisible = 0;
			defaultConfigurationName = Release;
		};
/* End XCConfigurationList section */
	};
	rootObject = ADA986EB1D6A642300C26E6B /* Project object */;
}
